
Microsoft Visual Studio Solution File, Format Version 12.00
# Visual Studio Version 17
VisualStudioVersion = 17.7.34031.279
MinimumVisualStudioVersion = 10.0.40219.1
Project("{FAE04EC0-301F-11D3-BF4B-00C04F79EFBC}") = "GestionPanier", "GestionPanier\GestionPanier.csproj", "{1679C242-A1E2-4104-9170-86E2CFB9B1A4}"
EndProject
Global
	GlobalSection(SolutionConfigurationPlatforms) = preSolution
		Debug|Any CPU = Debug|Any CPU
		Release|Any CPU = Release|Any CPU
	EndGlobalSection
	GlobalSection(ProjectConfigurationPlatforms) = postSolution
		{1679C242-A1E2-4104-9170-86E2CFB9B1A4}.Debug|Any CPU.ActiveCfg = Debug|Any CPU
		{1679C242-A1E2-4104-9170-86E2CFB9B1A4}.Debug|Any CPU.Build.0 = Debug|Any CPU
		{1679C242-A1E2-4104-9170-86E2CFB9B1A4}.Release|Any CPU.ActiveCfg = Release|Any CPU
		{1679C242-A1E2-4104-9170-86E2CFB9B1A4}.Release|Any CPU.Build.0 = Release|Any CPU
	EndGlobalSection
	GlobalSection(SolutionProperties) = preSolution
		HideSolutionNode = FALSE
	EndGlobalSection
	GlobalSection(ExtensibilityGlobals) = postSolution
		SolutionGuid = {AD66400A-CDB5-416D-AD29-7504D7D90194}
	EndGlobalSection
EndGlobal
